
Microsoft Visual Studio Solution File, Format Version 12.00
# Visual Studio Version 17
VisualStudioVersion = 17.6.33829.357
MinimumVisualStudioVersion = 10.0.40219.1
Project("{9A19103F-16F7-4668-BE54-9A1E7A4F7556}") = "CPTest", "CPTest.csproj", "{D17D418A-6CD2-4757-9B3D-A290152EA5AB}"
EndProject
Global
	GlobalSection(SolutionConfigurationPlatforms) = preSolution
		Debug|Any CPU = Debug|Any CPU
		Release|Any CPU = Release|Any CPU
	EndGlobalSection
	GlobalSection(ProjectConfigurationPlatforms) = postSolution
		{D17D418A-6CD2-4757-9B3D-A290152EA5AB}.Debug|Any CPU.ActiveCfg = Debug|Any CPU
		{D17D418A-6CD2-4757-9B3D-A290152EA5AB}.Debug|Any CPU.Build.0 = Debug|Any CPU
		{D17D418A-6CD2-4757-9B3D-A290152EA5AB}.Release|Any CPU.ActiveCfg = Release|Any CPU
		{D17D418A-6CD2-4757-9B3D-A290152EA5AB}.Release|Any CPU.Build.0 = Release|Any CPU
	EndGlobalSection
	GlobalSection(SolutionProperties) = preSolution
		HideSolutionNode = FALSE
	EndGlobalSection
	GlobalSection(ExtensibilityGlobals) = postSolution
		SolutionGuid = {72358ED3-C74D-4F70-B2B9-75178D28F246}
	EndGlobalSection
EndGlobal
